
Microsoft Visual Studio Solution File, Format Version 12.00
# Visual Studio 2012
Project("{FAE04EC0-301F-11D3-BF4B-00C04F79EFBC}") = "Bicycle Management System", "Bicycle Management System\Bicycle Management System.csproj", "{1E5801CF-3FF1-4437-A12C-B5BE7C6787E7}"
EndProject
Global
	GlobalSection(SolutionConfigurationPlatforms) = preSolution
		Debug|Any CPU = Debug|Any CPU
		Release|Any CPU = Release|Any CPU
	EndGlobalSection
	GlobalSection(ProjectConfigurationPlatforms) = postSolution
		{1E5801CF-3FF1-4437-A12C-B5BE7C6787E7}.Debug|Any CPU.ActiveCfg = Debug|Any CPU
		{1E5801CF-3FF1-4437-A12C-B5BE7C6787E7}.Debug|Any CPU.Build.0 = Debug|Any CPU
		{1E5801CF-3FF1-4437-A12C-B5BE7C6787E7}.Release|Any CPU.ActiveCfg = Release|Any CPU
		{1E5801CF-3FF1-4437-A12C-B5BE7C6787E7}.Release|Any CPU.Build.0 = Release|Any CPU
	EndGlobalSection
	GlobalSection(SolutionProperties) = preSolution
		HideSolutionNode = FALSE
	EndGlobalSection
EndGlobal
